
Microsoft Visual Studio Solution File, Format Version 12.00
# Visual Studio 2017
Project("{FAE04EC0-301F-11D3-BF4B-00C04F79EFBC}") = "WGC", "WGC.csproj", "{625A28DD-78E2-91DF-8B57-33E6ED4687FB}"
EndProject
Global
	GlobalSection(SolutionConfigurationPlatforms) = preSolution
		Debug|Any CPU = Debug|Any CPU
		Release|Any CPU = Release|Any CPU
	EndGlobalSection
	GlobalSection(ProjectConfigurationPlatforms) = postSolution
		{625A28DD-78E2-91DF-8B57-33E6ED4687FB}.Debug|Any CPU.ActiveCfg = Debug|Any CPU
		{625A28DD-78E2-91DF-8B57-33E6ED4687FB}.Debug|Any CPU.Build.0 = Debug|Any CPU
		{625A28DD-78E2-91DF-8B57-33E6ED4687FB}.Release|Any CPU.ActiveCfg = Release|Any CPU
		{625A28DD-78E2-91DF-8B57-33E6ED4687FB}.Release|Any CPU.Build.0 = Release|Any CPU
	EndGlobalSection
	GlobalSection(SolutionProperties) = preSolution
		HideSolutionNode = FALSE
	EndGlobalSection
EndGlobal
